
Microsoft Visual Studio Solution File, Format Version 12.00
# Visual Studio Version 16
VisualStudioVersion = 16.0.29505.145
MinimumVisualStudioVersion = 10.0.40219.1
Project("{FAE04EC0-301F-11D3-BF4B-00C04F79EFBC}") = "Inventary", "Inventary\Inventary.csproj", "{EEE4592D-4438-4770-AA5A-470374FAE231}"
EndProject
Global
	GlobalSection(SolutionConfigurationPlatforms) = preSolution
		Debug|Any CPU = Debug|Any CPU
		Release|Any CPU = Release|Any CPU
	EndGlobalSection
	GlobalSection(ProjectConfigurationPlatforms) = postSolution
		{EEE4592D-4438-4770-AA5A-470374FAE231}.Debug|Any CPU.ActiveCfg = Debug|Any CPU
		{EEE4592D-4438-4770-AA5A-470374FAE231}.Debug|Any CPU.Build.0 = Debug|Any CPU
		{EEE4592D-4438-4770-AA5A-470374FAE231}.Release|Any CPU.ActiveCfg = Release|Any CPU
		{EEE4592D-4438-4770-AA5A-470374FAE231}.Release|Any CPU.Build.0 = Release|Any CPU
	EndGlobalSection
	GlobalSection(SolutionProperties) = preSolution
		HideSolutionNode = FALSE
	EndGlobalSection
	GlobalSection(ExtensibilityGlobals) = postSolution
		SolutionGuid = {FB87FD79-27C0-44C2-8525-11341A4053C2}
	EndGlobalSection
EndGlobal
